// !$*UTF8*$!
{
	archiveVersion = 1;
	classes = {
	};
	objectVersion = 50;
	objects = {

/* Begin PBXBuildFile section */
		B228ACB321ED564B00595549 /* AppDelegate.swift in Sources */ = {isa = PBXBuildFile; fileRef = B228ACB221ED564B00595549 /* AppDelegate.swift */; };
		B228ACB521ED564B00595549 /* ViewController.swift in Sources */ = {isa = PBXBuildFile; fileRef = B228ACB421ED564B00595549 /* ViewController.swift */; };
		B228ACB821ED564B00595549 /* Main.storyboard in Resources */ = {isa = PBXBuildFile; fileRef = B228ACB621ED564B00595549 /* Main.storyboard */; };
		B228ACBA21ED564C00595549 /* Assets.xcassets in Resources */ = {isa = PBXBuildFile; fileRef = B228ACB921ED564C00595549 /* Assets.xcassets */; };
		B228ACBD21ED564C00595549 /* LaunchScreen.storyboard in Resources */ = {isa = PBXBuildFile; fileRef = B228ACBB21ED564C00595549 /* LaunchScreen.storyboard */; };
		B228ACC821ED564C00595549 /* MVVMTests.swift in Sources */ = {isa = PBXBuildFile; fileRef = B228ACC721ED564C00595549 /* MVVMTests.swift */; };
		B228ACD321ED564C00595549 /* MVVMUITests.swift in Sources */ = {isa = PBXBuildFile; fileRef = B228ACD221ED564C00595549 /* MVVMUITests.swift */; };
		B228ACE121ED592400595549 /* ViewModel.swift in Sources */ = {isa = PBXBuildFile; fileRef = B228ACE021ED592400595549 /* ViewModel.swift */; };
		B228ACE321ED59D100595549 /* Model.swift in Sources */ = {isa = PBXBuildFile; fileRef = B228ACE221ED59D100595549 /* Model.swift */; };
/* End PBXBuildFile section */

/* Begin PBXContainerItemProxy section */
		B228ACC421ED564C00595549 /* PBXContainerItemProxy */ = {
			isa = PBXContainerItemProxy;
			containerPortal = B228ACA721ED564B00595549 /* Project object */;
			proxyType = 1;
			remoteGlobalIDString = B228ACAE21ED564B00595549;
			remoteInfo = MVVM;
		};
		B228ACCF21ED564C00595549 /* PBXContainerItemProxy */ = {
			isa = PBXContainerItemProxy;
			containerPortal = B228ACA721ED564B00595549 /* Project object */;
			proxyType = 1;
			remoteGlobalIDString = B228ACAE21ED564B00595549;
			remoteInfo = MVVM;
		};
/* End PBXContainerItemProxy section */

/* Begin PBXFileReference section */
		B228ACAF21ED564B00595549 /* MVVM.app */ = {isa = PBXFileReference; explicitFileType = wrapper.application; includeInIndex = 0; path = MVVM.app; sourceTree = BUILT_PRODUCTS_DIR; };
		B228ACB221ED564B00595549 /* AppDelegate.swift */ = {isa = PBXFileReference; lastKnownFileType = sourcecode.swift; path = AppDelegate.swift; sourceTree = "<group>"; };
		B228ACB421ED564B00595549 /* ViewController.swift */ = {isa = PBXFileReference; lastKnownFileType = sourcecode.swift; path = ViewController.swift; sourceTree = "<group>"; };
		B228ACB721ED564B00595549 /* Base */ = {isa = PBXFileReference; lastKnownFileType = file.storyboard; name = Base; path = Base.lproj/Main.storyboard; sourceTree = "<group>"; };
		B228ACB921ED564C00595549 /* Assets.xcassets */ = {isa = PBXFileReference; lastKnownFileType = folder.assetcatalog; path = Assets.xcassets; sourceTree = "<group>"; };
		B228ACBC21ED564C00595549 /* Base */ = {isa = PBXFileReference; lastKnownFileType = file.storyboard; name = Base; path = Base.lproj/LaunchScreen.storyboard; sourceTree = "<group>"; };
		B228ACBE21ED564C00595549 /* Info.plist */ = {isa = PBXFileReference; lastKnownFileType = text.plist.xml; path = Info.plist; sourceTree = "<group>"; };
		B228ACC321ED564C00595549 /* MVVMTests.xctest */ = {isa = PBXFileReference; explicitFileType = wrapper.cfbundle; includeInIndex = 0; path = MVVMTests.xctest; sourceTree = BUILT_PRODUCTS_DIR; };
		B228ACC721ED564C00595549 /* MVVMTests.swift */ = {isa = PBXFileReference; lastKnownFileType = sourcecode.swift; path = MVVMTests.swift; sourceTree = "<group>"; };
		B228ACC921ED564C00595549 /* Info.plist */ = {isa = PBXFileReference; lastKnownFileType = text.plist.xml; path = Info.plist; sourceTree = "<group>"; };
		B228ACCE21ED564C00595549 /* MVVMUITests.xctest */ = {isa = PBXFileReference; explicitFileType = wrapper.cfbundle; includeInIndex = 0; path = MVVMUITests.xctest; sourceTree = BUILT_PRODUCTS_DIR; };
		B228ACD221ED564C00595549 /* MVVMUITests.swift */ = {isa = PBXFileReference; lastKnownFileType = sourcecode.swift; path = MVVMUITests.swift; sourceTree = "<group>"; };
		B228ACD421ED564C00595549 /* Info.plist */ = {isa = PBXFileReference; lastKnownFileType = text.plist.xml; path = Info.plist; sourceTree = "<group>"; };
		B228ACE021ED592400595549 /* ViewModel.swift */ = {isa = PBXFileReference; lastKnownFileType = sourcecode.swift; path = ViewModel.swift; sourceTree = "<group>"; };
		B228ACE221ED59D100595549 /* Model.swift */ = {isa = PBXFileReference; lastKnownFileType = sourcecode.swift; path = Model.swift; sourceTree = "<group>"; };
/* End PBXFileReference section */

/* Begin PBXFrameworksBuildPhase section */
		B228ACAC21ED564B00595549 /* Frameworks */ = {
			isa = PBXFrameworksBuildPhase;
			buildActionMask = 2147483647;
			files = (
			);
			runOnlyForDeploymentPostprocessing = 0;
		};
		B228ACC021ED564C00595549 /* Frameworks */ = {
			isa = PBXFrameworksBuildPhase;
			buildActionMask = 2147483647;
			files = (
			);
			runOnlyForDeploymentPostprocessing = 0;
		};
		B228ACCB21ED564C00595549 /* Frameworks */ = {
			isa = PBXFrameworksBuildPhase;
			buildActionMask = 2147483647;
			files = (
			);
			runOnlyForDeploymentPostprocessing = 0;
		};
/* End PBXFrameworksBuildPhase section */

/* Begin PBXGroup section */
		B228ACA621ED564B00595549 = {
			isa = PBXGroup;
			children = (
				B228ACB121ED564B00595549 /* MVVM */,
				B228ACC621ED564C00595549 /* MVVMTests */,
				B228ACD121ED564C00595549 /* MVVMUITests */,
				B228ACB021ED564B00595549 /* Products */,
			);
			sourceTree = "<group>";
		};
		B228ACB021ED564B00595549 /* Products */ = {
			isa = PBXGroup;
			children = (
				B228ACAF21ED564B00595549 /* MVVM.app */,
				B228ACC321ED564C00595549 /* MVVMTests.xctest */,
				B228ACCE21ED564C00595549 /* MVVMUITests.xctest */,
			);
			name = Products;
			sourceTree = "<group>";
		};
		B228ACB121ED564B00595549 /* MVVM */ = {
			isa = PBXGroup;
			children = (
				B228ACB221ED564B00595549 /* AppDelegate.swift */,
				B228ACB421ED564B00595549 /* ViewController.swift */,
				B228ACE021ED592400595549 /* ViewModel.swift */,
				B228ACE221ED59D100595549 /* Model.swift */,
				B228ACB621ED564B00595549 /* Main.storyboard */,
				B228ACB921ED564C00595549 /* Assets.xcassets */,
				B228ACBB21ED564C00595549 /* LaunchScreen.storyboard */,
				B228ACBE21ED564C00595549 /* Info.plist */,
			);
			path = MVVM;
			sourceTree = "<group>";
		};
		B228ACC621ED564C00595549 /* MVVMTests */ = {
			isa = PBXGroup;
			children = (
				B228ACC721ED564C00595549 /* MVVMTests.swift */,
				B228ACC921ED564C00595549 /* Info.plist */,
			);
			path = MVVMTests;
			sourceTree = "<group>";
		};
		B228ACD121ED564C00595549 /* MVVMUITests */ = {
			isa = PBXGroup;
			children = (
				B228ACD221ED564C00595549 /* MVVMUITests.swift */,
				B228ACD421ED564C00595549 /* Info.plist */,
			);
			path = MVVMUITests;
			sourceTree = "<group>";
		};
/* End PBXGroup section */

/* Begin PBXNativeTarget section */
		B228ACAE21ED564B00595549 /* MVVM */ = {
			isa = PBXNativeTarget;
			buildConfigurationList = B228ACD721ED564C00595549 /* Build configuration list for PBXNativeTarget "MVVM" */;
			buildPhases = (
				B228ACAB21ED564B00595549 /* Sources */,
				B228ACAC21ED564B00595549 /* Frameworks */,
				B228ACAD21ED564B00595549 /* Resources */,
			);
			buildRules = (
			);
			dependencies = (
			);
			name = MVVM;
			productName = MVVM;
			productReference = B228ACAF21ED564B00595549 /* MVVM.app */;
			productType = "com.apple.product-type.application";
		};
		B228ACC221ED564C00595549 /* MVVMTests */ = {
			isa = PBXNativeTarget;
			buildConfigurationList = B228ACDA21ED564C00595549 /* Build configuration list for PBXNativeTarget "MVVMTests" */;
			buildPhases = (
				B228ACBF21ED564C00595549 /* Sources */,
				B228ACC021ED564C00595549 /* Frameworks */,
				B228ACC121ED564C00595549 /* Resources */,
			);
			buildRules = (
			);
			dependencies = (
				B228ACC521ED564C00595549 /* PBXTargetDependency */,
			);
			name = MVVMTests;
			productName = MVVMTests;
			productReference = B228ACC321ED564C00595549 /* MVVMTests.xctest */;
			productType = "com.apple.product-type.bundle.unit-test";
		};
		B228ACCD21ED564C00595549 /* MVVMUITests */ = {
			isa = PBXNativeTarget;
			buildConfigurationList = B228ACDD21ED564C00595549 /* Build configuration list for PBXNativeTarget "MVVMUITests" */;
			buildPhases = (
				B228ACCA21ED564C00595549 /* Sources */,
				B228ACCB21ED564C00595549 /* Frameworks */,
				B228ACCC21ED564C00595549 /* Resources */,
			);
			buildRules = (
			);
			dependencies = (
				B228ACD021ED564C00595549 /* PBXTargetDependency */,
			);
			name = MVVMUITests;
			productName = MVVMUITests;
			productReference = B228ACCE21ED564C00595549 /* MVVMUITests.xctest */;
			productType = "com.apple.product-type.bundle.ui-testing";
		};
/* End PBXNativeTarget section */

/* Begin PBXProject section */
		B228ACA721ED564B00595549 /* Project object */ = {
			isa = PBXProject;
			attributes = {
				LastSwiftUpdateCheck = 1010;
				LastUpgradeCheck = 1010;
				ORGANIZATIONNAME = "佐藤賢";
				TargetAttributes = {
					B228ACAE21ED564B00595549 = {
						CreatedOnToolsVersion = 10.1;
					};
					B228ACC221ED564C00595549 = {
						CreatedOnToolsVersion = 10.1;
						TestTargetID = B228ACAE21ED564B00595549;
					};
					B228ACCD21ED564C00595549 = {
						CreatedOnToolsVersion = 10.1;
						TestTargetID = B228ACAE21ED564B00595549;
					};
				};
			};
			buildConfigurationList = B228ACAA21ED564B00595549 /* Build configuration list for PBXProject "MVVM" */;
			compatibilityVersion = "Xcode 9.3";
			developmentRegion = en;
			hasScannedForEncodings = 0;
			knownRegions = (
				en,
				Base,
			);
			mainGroup = B228ACA621ED564B00595549;
			productRefGroup = B228ACB021ED564B00595549 /* Products */;
			projectDirPath = "";
			projectRoot = "";
			targets = (
				B228ACAE21ED564B00595549 /* MVVM */,
				B228ACC221ED564C00595549 /* MVVMTests */,
				B228ACCD21ED564C00595549 /* MVVMUITests */,
			);
		};
/* End PBXProject section */

/* Begin PBXResourcesBuildPhase section */
		B228ACAD21ED564B00595549 /* Resources */ = {
			isa = PBXResourcesBuildPhase;
			buildActionMask = 2147483647;
			files = (
				B228ACBD21ED564C00595549 /* LaunchScreen.storyboard in Resources */,
				B228ACBA21ED564C00595549 /* Assets.xcassets in Resources */,
				B228ACB821ED564B00595549 /* Main.storyboard in Resources */,
			);
			runOnlyForDeploymentPostprocessing = 0;
		};
		B228ACC121ED564C00595549 /* Resources */ = {
			isa = PBXResourcesBuildPhase;
			buildActionMask = 2147483647;
			files = (
			);
			runOnlyForDeploymentPostprocessing = 0;
		};
		B228ACCC21ED564C00595549 /* Resources */ = {
			isa = PBXResourcesBuildPhase;
			buildActionMask = 2147483647;
			files = (
			);
			runOnlyForDeploymentPostprocessing = 0;
		};
/* End PBXResourcesBuildPhase section */

/* Begin PBXSourcesBuildPhase section */
		B228ACAB21ED564B00595549 /* Sources */ = {
			isa = PBXSourcesBuildPhase;
			buildActionMask = 2147483647;
			files = (
				B228ACB521ED564B00595549 /* ViewController.swift in Sources */,
				B228ACE121ED592400595549 /* ViewModel.swift in Sources */,
				B228ACB321ED564B00595549 /* AppDelegate.swift in Sources */,
				B228ACE321ED59D100595549 /* Model.swift in Sources */,
			);
			runOnlyForDeploymentPostprocessing = 0;
		};
		B228ACBF21ED564C00595549 /* Sources */ = {
			isa = PBXSourcesBuildPhase;
			buildActionMask = 2147483647;
			files = (
				B228ACC821ED564C00595549 /* MVVMTests.swift in Sources */,
			);
			runOnlyForDeploymentPostprocessing = 0;
		};
		B228ACCA21ED564C00595549 /* Sources */ = {
			isa = PBXSourcesBuildPhase;
			buildActionMask = 2147483647;
			files = (
				B228ACD321ED564C00595549 /* MVVMUITests.swift in Sources */,
			);
			runOnlyForDeploymentPostprocessing = 0;
		};
/* End PBXSourcesBuildPhase section */

/* Begin PBXTargetDependency section */
		B228ACC521ED564C00595549 /* PBXTargetDependency */ = {
			isa = PBXTargetDependency;
			target = B228ACAE21ED564B00595549 /* MVVM */;
			targetProxy = B228ACC421ED564C00595549 /* PBXContainerItemProxy */;
		};
		B228ACD021ED564C00595549 /* PBXTargetDependency */ = {
			isa = PBXTargetDependency;
			target = B228ACAE21ED564B00595549 /* MVVM */;
			targetProxy = B228ACCF21ED564C00595549 /* PBXContainerItemProxy */;
		};
/* End PBXTargetDependency section */

/* Begin PBXVariantGroup section */
		B228ACB621ED564B00595549 /* Main.storyboard */ = {
			isa = PBXVariantGroup;
			children = (
				B228ACB721ED564B00595549 /* Base */,
			);
			name = Main.storyboard;
			sourceTree = "<group>";
		};
		B228ACBB21ED564C00595549 /* LaunchScreen.storyboard */ = {
			isa = PBXVariantGroup;
			children = (
				B228ACBC21ED564C00595549 /* Base */,
			);
			name = LaunchScreen.storyboard;
			sourceTree = "<group>";
		};
/* End PBXVariantGroup section */

/* Begin XCBuildConfiguration section */
		B228ACD521ED564C00595549 /* Debug */ = {
			isa = XCBuildConfiguration;
			buildSettings = {
				ALWAYS_SEARCH_USER_PATHS = NO;
				CLANG_ANALYZER_NONNULL = YES;
				CLANG_ANALYZER_NUMBER_OBJECT_CONVERSION = YES_AGGRESSIVE;
				CLANG_CXX_LANGUAGE_STANDARD = "gnu++14";
				CLANG_CXX_LIBRARY = "libc++";
				CLANG_ENABLE_MODULES = YES;
				CLANG_ENABLE_OBJC_ARC = YES;
				CLANG_ENABLE_OBJC_WEAK = YES;
				CLANG_WARN_BLOCK_CAPTURE_AUTORELEASING = YES;
				CLANG_WARN_BOOL_CONVERSION = YES;
				CLANG_WARN_COMMA = YES;
				CLANG_WARN_CONSTANT_CONVERSION = YES;
				CLANG_WARN_DEPRECATED_OBJC_IMPLEMENTATIONS = YES;
				CLANG_WARN_DIRECT_OBJC_ISA_USAGE = YES_ERROR;
				CLANG_WARN_DOCUMENTATION_COMMENTS = YES;
				CLANG_WARN_EMPTY_BODY = YES;
				CLANG_WARN_ENUM_CONVERSION = YES;
				CLANG_WARN_INFINITE_RECURSION = YES;
				CLANG_WARN_INT_CONVERSION = YES;
				CLANG_WARN_NON_LITERAL_NULL_CONVERSION = YES;
				CLANG_WARN_OBJC_IMPLICIT_RETAIN_SELF = YES;
				CLANG_WARN_OBJC_LITERAL_CONVERSION = YES;
				CLANG_WARN_OBJC_ROOT_CLASS = YES_ERROR;
				CLANG_WARN_RANGE_LOOP_ANALYSIS = YES;
				CLANG_WARN_STRICT_PROTOTYPES = YES;
				CLANG_WARN_SUSPICIOUS_MOVE = YES;
				CLANG_WARN_UNGUARDED_AVAILABILITY = YES_AGGRESSIVE;
				CLANG_WARN_UNREACHABLE_CODE = YES;
				CLANG_WARN__DUPLICATE_METHOD_MATCH = YES;
				CODE_SIGN_IDENTITY = "iPhone Developer";
				COPY_PHASE_STRIP = NO;
				DEBUG_INFORMATION_FORMAT = dwarf;
				ENABLE_STRICT_OBJC_MSGSEND = YES;
				ENABLE_TESTABILITY = YES;
				GCC_C_LANGUAGE_STANDARD = gnu11;
				GCC_DYNAMIC_NO_PIC = NO;
				GCC_NO_COMMON_BLOCKS = YES;
				GCC_OPTIMIZATION_LEVEL = 0;
				GCC_PREPROCESSOR_DEFINITIONS = (
					"DEBUG=1",
					"$(inherited)",
				);
				GCC_WARN_64_TO_32_BIT_CONVERSION = YES;
				GCC_WARN_ABOUT_RETURN_TYPE = YES_ERROR;
				GCC_WARN_UNDECLARED_SELECTOR = YES;
				GCC_WARN_UNINITIALIZED_AUTOS = YES_AGGRESSIVE;
				GCC_WARN_UNUSED_FUNCTION = YES;
				GCC_WARN_UNUSED_VARIABLE = YES;
				IPHONEOS_DEPLOYMENT_TARGET = 12.1;
				MTL_ENABLE_DEBUG_INFO = INCLUDE_SOURCE;
				MTL_FAST_MATH = YES;
				ONLY_ACTIVE_ARCH = YES;
				SDKROOT = iphoneos;
				SWIFT_ACTIVE_COMPILATION_CONDITIONS = DEBUG;
				SWIFT_OPTIMIZATION_LEVEL = "-Onone";
			};
			name = Debug;
		};
		B228ACD621ED564C00595549 /* Release */ = {
			isa = XCBuildConfiguration;
			buildSettings = {
				ALWAYS_SEARCH_USER_PATHS = NO;
				CLANG_ANALYZER_NONNULL = YES;
				CLANG_ANALYZER_NUMBER_OBJECT_CONVERSION = YES_AGGRESSIVE;
				CLANG_CXX_LANGUAGE_STANDARD = "gnu++14";
				CLANG_CXX_LIBRARY = "libc++";
				CLANG_ENABLE_MODULES = YES;
				CLANG_ENABLE_OBJC_ARC = YES;
				CLANG_ENABLE_OBJC_WEAK = YES;
				CLANG_WARN_BLOCK_CAPTURE_AUTORELEASING = YES;
				CLANG_WARN_BOOL_CONVERSION = YES;
				CLANG_WARN_COMMA = YES;
				CLANG_WARN_CONSTANT_CONVERSION = YES;
				CLANG_WARN_DEPRECATED_OBJC_IMPLEMENTATIONS = YES;
				CLANG_WARN_DIRECT_OBJC_ISA_USAGE = YES_ERROR;
				CLANG_WARN_DOCUMENTATION_COMMENTS = YES;
				CLANG_WARN_EMPTY_BODY = YES;
				CLANG_WARN_ENUM_CONVERSION = YES;
				CLANG_WARN_INFINITE_RECURSION = YES;
				CLANG_WARN_INT_CONVERSION = YES;
				CLANG_WARN_NON_LITERAL_NULL_CONVERSION = YES;
				CLANG_WARN_OBJC_IMPLICIT_RETAIN_SELF = YES;
				CLANG_WARN_OBJC_LITERAL_CONVERSION = YES;
				CLANG_WARN_OBJC_ROOT_CLASS = YES_ERROR;
				CLANG_WARN_RANGE_LOOP_ANALYSIS = YES;
				CLANG_WARN_STRICT_PROTOTYPES = YES;
				CLANG_WARN_SUSPICIOUS_MOVE = YES;
				CLANG_WARN_UNGUARDED_AVAILABILITY = YES_AGGRESSIVE;
				CLANG_WARN_UNREACHABLE_CODE = YES;
				CLANG_WARN__DUPLICATE_METHOD_MATCH = YES;
				CODE_SIGN_IDENTITY = "iPhone Developer";
				COPY_PHASE_STRIP = NO;
				DEBUG_INFORMATION_FORMAT = "dwarf-with-dsym";
				ENABLE_NS_ASSERTIONS = NO;
				ENABLE_STRICT_OBJC_MSGSEND = YES;
				GCC_C_LANGUAGE_STANDARD = gnu11;
				GCC_NO_COMMON_BLOCKS = YES;
				GCC_WARN_64_TO_32_BIT_CONVERSION = YES;
				GCC_WARN_ABOUT_RETURN_TYPE = YES_ERROR;
				GCC_WARN_UNDECLARED_SELECTOR = YES;
				GCC_WARN_UNINITIALIZED_AUTOS = YES_AGGRESSIVE;
				GCC_WARN_UNUSED_FUNCTION = YES;
				GCC_WARN_UNUSED_VARIABLE = YES;
				IPHONEOS_DEPLOYMENT_TARGET = 12.1;
				MTL_ENABLE_DEBUG_INFO = NO;
				MTL_FAST_MATH = YES;
				SDKROOT = iphoneos;
				SWIFT_COMPILATION_MODE = wholemodule;
				SWIFT_OPTIMIZATION_LEVEL = "-O";
				VALIDATE_PRODUCT = YES;
			};
			name = Release;
		};
		B228ACD821ED564C00595549 /* Debug */ = {
			isa = XCBuildConfiguration;
			buildSettings = {
				ASSETCATALOG_COMPILER_APPICON_NAME = AppIcon;
				CODE_SIGN_STYLE = Automatic;
				DEVELOPMENT_TEAM = JL94BNBL3S;
				INFOPLIST_FILE = MVVM/Info.plist;
				LD_RUNPATH_SEARCH_PATHS = (
					"$(inherited)",
					"@executable_path/Frameworks",
				);
				PRODUCT_BUNDLE_IDENTIFIER = ken.MVVM;
				PRODUCT_NAME = "$(TARGET_NAME)";
				SWIFT_VERSION = 4.2;
				TARGETED_DEVICE_FAMILY = "1,2";
			};
			name = Debug;
		};
		B228ACD921ED564C00595549 /* Release */ = {
			isa = XCBuildConfiguration;
			buildSettings = {
				ASSETCATALOG_COMPILER_APPICON_NAME = AppIcon;
				CODE_SIGN_STYLE = Automatic;
				DEVELOPMENT_TEAM = JL94BNBL3S;
				INFOPLIST_FILE = MVVM/Info.plist;
				LD_RUNPATH_SEARCH_PATHS = (
					"$(inherited)",
					"@executable_path/Frameworks",
				);
				PRODUCT_BUNDLE_IDENTIFIER = ken.MVVM;
				PRODUCT_NAME = "$(TARGET_NAME)";
				SWIFT_VERSION = 4.2;
				TARGETED_DEVICE_FAMILY = "1,2";
			};
			name = Release;
		};
		B228ACDB21ED564C00595549 /* Debug */ = {
			isa = XCBuildConfiguration;
			buildSettings = {
				ALWAYS_EMBED_SWIFT_STANDARD_LIBRARIES = YES;
				BUNDLE_LOADER = "$(TEST_HOST)";
				CODE_SIGN_STYLE = Automatic;
				DEVELOPMENT_TEAM = JL94BNBL3S;
				INFOPLIST_FILE = MVVMTests/Info.plist;
				LD_RUNPATH_SEARCH_PATHS = (
					"$(inherited)",
					"@executable_path/Frameworks",
					"@loader_path/Frameworks",
				);
				PRODUCT_BUNDLE_IDENTIFIER = ken.MVVMTests;
				PRODUCT_NAME = "$(TARGET_NAME)";
				SWIFT_VERSION = 4.2;
				TARGETED_DEVICE_FAMILY = "1,2";
				TEST_HOST = "$(BUILT_PRODUCTS_DIR)/MVVM.app/MVVM";
			};
			name = Debug;
		};
		B228ACDC21ED564C00595549 /* Release */ = {
			isa = XCBuildConfiguration;
			buildSettings = {
				ALWAYS_EMBED_SWIFT_STANDARD_LIBRARIES = YES;
				BUNDLE_LOADER = "$(TEST_HOST)";
				CODE_SIGN_STYLE = Automatic;
				DEVELOPMENT_TEAM = JL94BNBL3S;
				INFOPLIST_FILE = MVVMTests/Info.plist;
				LD_RUNPATH_SEARCH_PATHS = (
					"$(inherited)",
					"@executable_path/Frameworks",
					"@loader_path/Frameworks",
				);
				PRODUCT_BUNDLE_IDENTIFIER = ken.MVVMTests;
				PRODUCT_NAME = "$(TARGET_NAME)";
				SWIFT_VERSION = 4.2;
				TARGETED_DEVICE_FAMILY = "1,2";
				TEST_HOST = "$(BUILT_PRODUCTS_DIR)/MVVM.app/MVVM";
			};
			name = Release;
		};
		B228ACDE21ED564C00595549 /* Debug */ = {
			isa = XCBuildConfiguration;
			buildSettings = {
				ALWAYS_EMBED_SWIFT_STANDARD_LIBRARIES = YES;
				CODE_SIGN_STYLE = Automatic;
				DEVELOPMENT_TEAM = JL94BNBL3S;
				INFOPLIST_FILE = MVVMUITests/Info.plist;
				LD_RUNPATH_SEARCH_PATHS = (
					"$(inherited)",
					"@executable_path/Frameworks",
					"@loader_path/Frameworks",
				);
				PRODUCT_BUNDLE_IDENTIFIER = ken.MVVMUITests;
				PRODUCT_NAME = "$(TARGET_NAME)";
				SWIFT_VERSION = 4.2;
				TARGETED_DEVICE_FAMILY = "1,2";
				TEST_TARGET_NAME = MVVM;
			};
			name = Debug;
		};
		B228ACDF21ED564C00595549 /* Release */ = {
			isa = XCBuildConfiguration;
			buildSettings = {
				ALWAYS_EMBED_SWIFT_STANDARD_LIBRARIES = YES;
				CODE_SIGN_STYLE = Automatic;
				DEVELOPMENT_TEAM = JL94BNBL3S;
				INFOPLIST_FILE = MVVMUITests/Info.plist;
				LD_RUNPATH_SEARCH_PATHS = (
					"$(inherited)",
					"@executable_path/Frameworks",
					"@loader_path/Frameworks",
				);
				PRODUCT_BUNDLE_IDENTIFIER = ken.MVVMUITests;
				PRODUCT_NAME = "$(TARGET_NAME)";
				SWIFT_VERSION = 4.2;
				TARGETED_DEVICE_FAMILY = "1,2";
				TEST_TARGET_NAME = MVVM;
			};
			name = Release;
		};
/* End XCBuildConfiguration section */

/* Begin XCConfigurationList section */
		B228ACAA21ED564B00595549 /* Build configuration list for PBXProject "MVVM" */ = {
			isa = XCConfigurationList;
			buildConfigurations = (
				B228ACD521ED564C00595549 /* Debug */,
				B228ACD621ED564C00595549 /* Release */,
			);
			defaultConfigurationIsVisible = 0;
			defaultConfigurationName = Release;
		};
		B228ACD721ED564C00595549 /* Build configuration list for PBXNativeTarget "MVVM" */ = {
			isa = XCConfigurationList;
			buildConfigurations = (
				B228ACD821ED564C00595549 /* Debug */,
				B228ACD921ED564C00595549 /* Release */,
			);
			defaultConfigurationIsVisible = 0;
			defaultConfigurationName = Release;
		};
		B228ACDA21ED564C00595549 /* Build configuration list for PBXNativeTarget "MVVMTests" */ = {
			isa = XCConfigurationList;
			buildConfigurations = (
				B228ACDB21ED564C00595549 /* Debug */,
				B228ACDC21ED564C00595549 /* Release */,
			);
			defaultConfigurationIsVisible = 0;
			defaultConfigurationName = Release;
		};
		B228ACDD21ED564C00595549 /* Build configuration list for PBXNativeTarget "MVVMUITests" */ = {
			isa = XCConfigurationList;
			buildConfigurations = (
				B228ACDE21ED564C00595549 /* Debug */,
				B228ACDF21ED564C00595549 /* Release */,
			);
			defaultConfigurationIsVisible = 0;
			defaultConfigurationName = Release;
		};
/* End XCConfigurationList section */
	};
	rootObject = B228ACA721ED564B00595549 /* Project object */;
}
